
Microsoft Visual Studio Solution File, Format Version 12.00
# Visual Studio Version 17
VisualStudioVersion = 17.6.33723.286
MinimumVisualStudioVersion = 10.0.40219.1
Project("{9A19103F-16F7-4668-BE54-9A1E7A4F7556}") = "Discovered", "Discovered.csproj", "{076CAF00-E56D-461B-83F2-165DDEDD0BDD}"
EndProject
Global
	GlobalSection(SolutionConfigurationPlatforms) = preSolution
		Debug|Any CPU = Debug|Any CPU
		Release|Any CPU = Release|Any CPU
	EndGlobalSection
	GlobalSection(ProjectConfigurationPlatforms) = postSolution
		{076CAF00-E56D-461B-83F2-165DDEDD0BDD}.Debug|Any CPU.ActiveCfg = Debug|Any CPU
		{076CAF00-E56D-461B-83F2-165DDEDD0BDD}.Debug|Any CPU.Build.0 = Debug|Any CPU
		{076CAF00-E56D-461B-83F2-165DDEDD0BDD}.Release|Any CPU.ActiveCfg = Release|Any CPU
		{076CAF00-E56D-461B-83F2-165DDEDD0BDD}.Release|Any CPU.Build.0 = Release|Any CPU
	EndGlobalSection
	GlobalSection(SolutionProperties) = preSolution
		HideSolutionNode = FALSE
	EndGlobalSection
	GlobalSection(ExtensibilityGlobals) = postSolution
		SolutionGuid = {FF7B6521-B4FA-4A93-8B4C-D5A3BEB318B8}
	EndGlobalSection
EndGlobal
